
Microsoft Visual Studio Solution File, Format Version 12.00
# Visual Studio 15
VisualStudioVersion = 15.0.27428.2037
MinimumVisualStudioVersion = 10.0.40219.1
Project("{FAE04EC0-301F-11D3-BF4B-00C04F79EFBC}") = "sqlBuilder", "sqlBuilder\sqlBuilder.csproj", "{80B2A32E-3218-4288-9513-D582E2DB8CC1}"
EndProject
Project("{FAE04EC0-301F-11D3-BF4B-00C04F79EFBC}") = "sqlBuilder.Excel", "sqlBuilder.Excel\sqlBuilder.Excel.csproj", "{C33D0213-088F-4482-BA3A-147CD4195232}"
EndProject
Project("{FAE04EC0-301F-11D3-BF4B-00C04F79EFBC}") = "sqlBuilder.Data", "sqlBuilder.Data\sqlBuilder.Data.csproj", "{348C6C04-F5F1-4D84-8D34-5E92AB377CFE}"
EndProject
Global
	GlobalSection(SolutionConfigurationPlatforms) = preSolution
		Debug|Any CPU = Debug|Any CPU
		Release|Any CPU = Release|Any CPU
	EndGlobalSection
	GlobalSection(ProjectConfigurationPlatforms) = postSolution
		{80B2A32E-3218-4288-9513-D582E2DB8CC1}.Debug|Any CPU.ActiveCfg = Debug|Any CPU
		{80B2A32E-3218-4288-9513-D582E2DB8CC1}.Debug|Any CPU.Build.0 = Debug|Any CPU
		{80B2A32E-3218-4288-9513-D582E2DB8CC1}.Release|Any CPU.ActiveCfg = Release|Any CPU
		{80B2A32E-3218-4288-9513-D582E2DB8CC1}.Release|Any CPU.Build.0 = Release|Any CPU
		{C33D0213-088F-4482-BA3A-147CD4195232}.Debug|Any CPU.ActiveCfg = Debug|Any CPU
		{C33D0213-088F-4482-BA3A-147CD4195232}.Debug|Any CPU.Build.0 = Debug|Any CPU
		{C33D0213-088F-4482-BA3A-147CD4195232}.Release|Any CPU.ActiveCfg = Release|Any CPU
		{C33D0213-088F-4482-BA3A-147CD4195232}.Release|Any CPU.Build.0 = Release|Any CPU
		{348C6C04-F5F1-4D84-8D34-5E92AB377CFE}.Debug|Any CPU.ActiveCfg = Debug|Any CPU
		{348C6C04-F5F1-4D84-8D34-5E92AB377CFE}.Debug|Any CPU.Build.0 = Debug|Any CPU
		{348C6C04-F5F1-4D84-8D34-5E92AB377CFE}.Release|Any CPU.ActiveCfg = Release|Any CPU
		{348C6C04-F5F1-4D84-8D34-5E92AB377CFE}.Release|Any CPU.Build.0 = Release|Any CPU
	EndGlobalSection
	GlobalSection(SolutionProperties) = preSolution
		HideSolutionNode = FALSE
	EndGlobalSection
	GlobalSection(ExtensibilityGlobals) = postSolution
		SolutionGuid = {CFA72709-4991-45D3-906B-C190F4D34C31}
	EndGlobalSection
EndGlobal
